
Microsoft Visual Studio Solution File, Format Version 12.00
# Visual Studio Version 17
VisualStudioVersion = 17.1.32210.238
MinimumVisualStudioVersion = 10.0.40219.1
Project("{FAE04EC0-301F-11D3-BF4B-00C04F79EFBC}") = "Tetris", "Tetris\Tetris.csproj", "{C8381BC9-DCD6-4EEA-8600-F00A5B1E761E}"
EndProject
Global
	GlobalSection(SolutionConfigurationPlatforms) = preSolution
		Debug|Any CPU = Debug|Any CPU
		Release|Any CPU = Release|Any CPU
	EndGlobalSection
	GlobalSection(ProjectConfigurationPlatforms) = postSolution
		{C8381BC9-DCD6-4EEA-8600-F00A5B1E761E}.Debug|Any CPU.ActiveCfg = Debug|Any CPU
		{C8381BC9-DCD6-4EEA-8600-F00A5B1E761E}.Debug|Any CPU.Build.0 = Debug|Any CPU
		{C8381BC9-DCD6-4EEA-8600-F00A5B1E761E}.Release|Any CPU.ActiveCfg = Release|Any CPU
		{C8381BC9-DCD6-4EEA-8600-F00A5B1E761E}.Release|Any CPU.Build.0 = Release|Any CPU
	EndGlobalSection
	GlobalSection(SolutionProperties) = preSolution
		HideSolutionNode = FALSE
	EndGlobalSection
	GlobalSection(ExtensibilityGlobals) = postSolution
		SolutionGuid = {B975CF22-D2C2-44A4-9EF1-6CCBA4EDD484}
	EndGlobalSection
EndGlobal
